
Microsoft Visual Studio Solution File, Format Version 12.00
# Visual Studio Version 17
VisualStudioVersion = 17.14.36414.22 d17.14
MinimumVisualStudioVersion = 10.0.40219.1
Project("{FAE04EC0-301F-11D3-BF4B-00C04F79EFBC}") = "GraZadanie", "GraZadanie\GraZadanie.csproj", "{65424E3F-ECC5-4888-89BD-650B8C070D14}"
EndProject
Global
	GlobalSection(SolutionConfigurationPlatforms) = preSolution
		Debug|Any CPU = Debug|Any CPU
		Release|Any CPU = Release|Any CPU
	EndGlobalSection
	GlobalSection(ProjectConfigurationPlatforms) = postSolution
		{65424E3F-ECC5-4888-89BD-650B8C070D14}.Debug|Any CPU.ActiveCfg = Debug|Any CPU
		{65424E3F-ECC5-4888-89BD-650B8C070D14}.Debug|Any CPU.Build.0 = Debug|Any CPU
		{65424E3F-ECC5-4888-89BD-650B8C070D14}.Release|Any CPU.ActiveCfg = Release|Any CPU
		{65424E3F-ECC5-4888-89BD-650B8C070D14}.Release|Any CPU.Build.0 = Release|Any CPU
	EndGlobalSection
	GlobalSection(SolutionProperties) = preSolution
		HideSolutionNode = FALSE
	EndGlobalSection
	GlobalSection(ExtensibilityGlobals) = postSolution
		SolutionGuid = {01D827A8-B8C6-4EB2-BAAB-885A5F4E89B6}
	EndGlobalSection
EndGlobal
